
Microsoft Visual Studio Solution File, Format Version 12.00
# Visual Studio Version 17
VisualStudioVersion = 17.7.34221.43
MinimumVisualStudioVersion = 10.0.40219.1
Project("{FAE04EC0-301F-11D3-BF4B-00C04F79EFBC}") = "TruckCentreWF", "TruckCentreWF\TruckCentreWF.csproj", "{E553358E-7E3C-4403-A36F-F627D186C488}"
EndProject
Global
	GlobalSection(SolutionConfigurationPlatforms) = preSolution
		Debug|Any CPU = Debug|Any CPU
		Release|Any CPU = Release|Any CPU
	EndGlobalSection
	GlobalSection(ProjectConfigurationPlatforms) = postSolution
		{E553358E-7E3C-4403-A36F-F627D186C488}.Debug|Any CPU.ActiveCfg = Debug|Any CPU
		{E553358E-7E3C-4403-A36F-F627D186C488}.Debug|Any CPU.Build.0 = Debug|Any CPU
		{E553358E-7E3C-4403-A36F-F627D186C488}.Release|Any CPU.ActiveCfg = Release|Any CPU
		{E553358E-7E3C-4403-A36F-F627D186C488}.Release|Any CPU.Build.0 = Release|Any CPU
	EndGlobalSection
	GlobalSection(SolutionProperties) = preSolution
		HideSolutionNode = FALSE
	EndGlobalSection
	GlobalSection(ExtensibilityGlobals) = postSolution
		SolutionGuid = {971075C3-3982-40EA-A04B-0717E8E48BC8}
	EndGlobalSection
EndGlobal
